
Microsoft Visual Studio Solution File, Format Version 12.00
# Visual Studio 15
VisualStudioVersion = 15.0.28010.2026
MinimumVisualStudioVersion = 10.0.40219.1
Project("{FAE04EC0-301F-11D3-BF4B-00C04F79EFBC}") = "FoundationTigerTool", "FoundationTigerTool\FoundationTigerTool.csproj", "{C0AC34FF-3C01-4BAA-853A-67261C9838B9}"
EndProject
Project("{FAE04EC0-301F-11D3-BF4B-00C04F79EFBC}") = "FoundationTextConverter", "FoundationTextConverter\FoundationTextConverter.csproj", "{475FBAD9-0932-4AD3-86B4-466982BC456C}"
EndProject
Global
	GlobalSection(SolutionConfigurationPlatforms) = preSolution
		Debug|Any CPU = Debug|Any CPU
		Release|Any CPU = Release|Any CPU
	EndGlobalSection
	GlobalSection(ProjectConfigurationPlatforms) = postSolution
		{C0AC34FF-3C01-4BAA-853A-67261C9838B9}.Debug|Any CPU.ActiveCfg = Debug|Any CPU
		{C0AC34FF-3C01-4BAA-853A-67261C9838B9}.Debug|Any CPU.Build.0 = Debug|Any CPU
		{C0AC34FF-3C01-4BAA-853A-67261C9838B9}.Release|Any CPU.ActiveCfg = Release|Any CPU
		{C0AC34FF-3C01-4BAA-853A-67261C9838B9}.Release|Any CPU.Build.0 = Release|Any CPU
		{475FBAD9-0932-4AD3-86B4-466982BC456C}.Debug|Any CPU.ActiveCfg = Debug|Any CPU
		{475FBAD9-0932-4AD3-86B4-466982BC456C}.Debug|Any CPU.Build.0 = Debug|Any CPU
		{475FBAD9-0932-4AD3-86B4-466982BC456C}.Release|Any CPU.ActiveCfg = Release|Any CPU
		{475FBAD9-0932-4AD3-86B4-466982BC456C}.Release|Any CPU.Build.0 = Release|Any CPU
	EndGlobalSection
	GlobalSection(SolutionProperties) = preSolution
		HideSolutionNode = FALSE
	EndGlobalSection
	GlobalSection(ExtensibilityGlobals) = postSolution
		SolutionGuid = {709994BA-06F2-4127-B148-0E71B5B24821}
	EndGlobalSection
EndGlobal
